lockfileVersion: '9.0'

settings:
  autoInstallPeers: true
  excludeLinksFromLockfile: false

importers:

  .:
    dependencies:
      '@oxc-project/types':
        specifier: 0.128.0
        version: 0.128.0

packages:

  '@oxc-project/types@0.128.0':
    resolution: {integrity: sha512-huv1Y/LzBJkBVHt3OlC7u0zHBW9qXf1FdD7sGmc1rXc2P1mTwHssYv7jyGx5KAACSCH+9B3Bhn6Z9luHRvf7pQ==}

snapshots:

  '@oxc-project/types@0.128.0': {}
